
Microsoft Visual Studio Solution File, Format Version 12.00
# Visual Studio Version 17
VisualStudioVersion = 17.4.33403.182
MinimumVisualStudioVersion = 10.0.40219.1
Project("{FAE04EC0-301F-11D3-BF4B-00C04F79EFBC}") = "QuanLyNhanVien", "QuanLyNhanVien\QuanLyNhanVien.csproj", "{38AB034D-A3ED-418D-81B7-1908AF70DE79}"
EndProject
Global
	GlobalSection(SolutionConfigurationPlatforms) = preSolution
		Debug|Any CPU = Debug|Any CPU
		Release|Any CPU = Release|Any CPU
	EndGlobalSection
	GlobalSection(ProjectConfigurationPlatforms) = postSolution
		{38AB034D-A3ED-418D-81B7-1908AF70DE79}.Debug|Any CPU.ActiveCfg = Debug|Any CPU
		{38AB034D-A3ED-418D-81B7-1908AF70DE79}.Debug|Any CPU.Build.0 = Debug|Any CPU
		{38AB034D-A3ED-418D-81B7-1908AF70DE79}.Release|Any CPU.ActiveCfg = Release|Any CPU
		{38AB034D-A3ED-418D-81B7-1908AF70DE79}.Release|Any CPU.Build.0 = Release|Any CPU
	EndGlobalSection
	GlobalSection(SolutionProperties) = preSolution
		HideSolutionNode = FALSE
	EndGlobalSection
	GlobalSection(ExtensibilityGlobals) = postSolution
		SolutionGuid = {28F3BC91-F26A-40BA-80C2-F9392EECEB56}
	EndGlobalSection
EndGlobal
