
Microsoft Visual Studio Solution File, Format Version 12.00
# Visual Studio Version 17
VisualStudioVersion = 17.4.33403.182
MinimumVisualStudioVersion = 10.0.40219.1
Project("{FAE04EC0-301F-11D3-BF4B-00C04F79EFBC}") = "test8-baitap2", "test8-baitap2\test8-baitap2.csproj", "{A315EA29-A9C8-460A-AC82-70AFF951381D}"
EndProject
Global
	GlobalSection(SolutionConfigurationPlatforms) = preSolution
		Debug|Any CPU = Debug|Any CPU
		Release|Any CPU = Release|Any CPU
	EndGlobalSection
	GlobalSection(ProjectConfigurationPlatforms) = postSolution
		{A315EA29-A9C8-460A-AC82-70AFF951381D}.Debug|Any CPU.ActiveCfg = Debug|Any CPU
		{A315EA29-A9C8-460A-AC82-70AFF951381D}.Debug|Any CPU.Build.0 = Debug|Any CPU
		{A315EA29-A9C8-460A-AC82-70AFF951381D}.Release|Any CPU.ActiveCfg = Release|Any CPU
		{A315EA29-A9C8-460A-AC82-70AFF951381D}.Release|Any CPU.Build.0 = Release|Any CPU
	EndGlobalSection
	GlobalSection(SolutionProperties) = preSolution
		HideSolutionNode = FALSE
	EndGlobalSection
	GlobalSection(ExtensibilityGlobals) = postSolution
		SolutionGuid = {E4E8D340-63F6-4A20-85F3-7206A0F87CA6}
	EndGlobalSection
EndGlobal
