
Microsoft Visual Studio Solution File, Format Version 12.00
# Visual Studio Version 17
VisualStudioVersion = 17.4.33403.182
MinimumVisualStudioVersion = 10.0.40219.1
Project("{FAE04EC0-301F-11D3-BF4B-00C04F79EFBC}") = "test123456789", "test123456789\test123456789.csproj", "{82896D81-C879-45A9-BE73-79BF0AEB8A6A}"
EndProject
Global
	GlobalSection(SolutionConfigurationPlatforms) = preSolution
		Debug|Any CPU = Debug|Any CPU
		Release|Any CPU = Release|Any CPU
	EndGlobalSection
	GlobalSection(ProjectConfigurationPlatforms) = postSolution
		{82896D81-C879-45A9-BE73-79BF0AEB8A6A}.Debug|Any CPU.ActiveCfg = Debug|Any CPU
		{82896D81-C879-45A9-BE73-79BF0AEB8A6A}.Debug|Any CPU.Build.0 = Debug|Any CPU
		{82896D81-C879-45A9-BE73-79BF0AEB8A6A}.Release|Any CPU.ActiveCfg = Release|Any CPU
		{82896D81-C879-45A9-BE73-79BF0AEB8A6A}.Release|Any CPU.Build.0 = Release|Any CPU
	EndGlobalSection
	GlobalSection(SolutionProperties) = preSolution
		HideSolutionNode = FALSE
	EndGlobalSection
	GlobalSection(ExtensibilityGlobals) = postSolution
		SolutionGuid = {8BB085F0-2801-45EE-9564-AB4CAE62D1E1}
	EndGlobalSection
EndGlobal
