
Microsoft Visual Studio Solution File, Format Version 12.00
# Visual Studio Version 17
VisualStudioVersion = 17.4.33403.182
MinimumVisualStudioVersion = 10.0.40219.1
Project("{FAE04EC0-301F-11D3-BF4B-00C04F79EFBC}") = "C-Sharp-Winform", "C-Sharp-Winform\C-Sharp-Winform.csproj", "{71DBA079-0204-4E78-A4B3-55D7FA669311}"
EndProject
Global
	GlobalSection(SolutionConfigurationPlatforms) = preSolution
		Debug|Any CPU = Debug|Any CPU
		Release|Any CPU = Release|Any CPU
	EndGlobalSection
	GlobalSection(ProjectConfigurationPlatforms) = postSolution
		{71DBA079-0204-4E78-A4B3-55D7FA669311}.Debug|Any CPU.ActiveCfg = Debug|Any CPU
		{71DBA079-0204-4E78-A4B3-55D7FA669311}.Debug|Any CPU.Build.0 = Debug|Any CPU
		{71DBA079-0204-4E78-A4B3-55D7FA669311}.Release|Any CPU.ActiveCfg = Release|Any CPU
		{71DBA079-0204-4E78-A4B3-55D7FA669311}.Release|Any CPU.Build.0 = Release|Any CPU
	EndGlobalSection
	GlobalSection(SolutionProperties) = preSolution
		HideSolutionNode = FALSE
	EndGlobalSection
	GlobalSection(ExtensibilityGlobals) = postSolution
		SolutionGuid = {F68B82ED-7270-4A2A-8631-730EC0A97FA3}
	EndGlobalSection
EndGlobal
