
Microsoft Visual Studio Solution File, Format Version 12.00
# Visual Studio Version 17
VisualStudioVersion = 17.4.33403.182
MinimumVisualStudioVersion = 10.0.40219.1
Project("{FAE04EC0-301F-11D3-BF4B-00C04F79EFBC}") = "Test2", "Test2\Test2.csproj", "{39A04168-C135-4559-A3C1-9CB1C834D53C}"
EndProject
Global
	GlobalSection(SolutionConfigurationPlatforms) = preSolution
		Debug|Any CPU = Debug|Any CPU
		Release|Any CPU = Release|Any CPU
	EndGlobalSection
	GlobalSection(ProjectConfigurationPlatforms) = postSolution
		{39A04168-C135-4559-A3C1-9CB1C834D53C}.Debug|Any CPU.ActiveCfg = Debug|Any CPU
		{39A04168-C135-4559-A3C1-9CB1C834D53C}.Debug|Any CPU.Build.0 = Debug|Any CPU
		{39A04168-C135-4559-A3C1-9CB1C834D53C}.Release|Any CPU.ActiveCfg = Release|Any CPU
		{39A04168-C135-4559-A3C1-9CB1C834D53C}.Release|Any CPU.Build.0 = Release|Any CPU
	EndGlobalSection
	GlobalSection(SolutionProperties) = preSolution
		HideSolutionNode = FALSE
	EndGlobalSection
	GlobalSection(ExtensibilityGlobals) = postSolution
		SolutionGuid = {6C31D876-E868-4A1A-B572-31AA45D5C0B9}
	EndGlobalSection
EndGlobal
